
Microsoft Visual Studio Solution File, Format Version 12.00
# Visual Studio Version 17
VisualStudioVersion = 17.4.33205.214
MinimumVisualStudioVersion = 10.0.40219.1
Project("{FAE04EC0-301F-11D3-BF4B-00C04F79EFBC}") = "D5MVC", "D5MVC\D5MVC.csproj", "{91272F5B-614F-41C3-BA0D-F16BBE64AA27}"
EndProject
Global
	GlobalSection(SolutionConfigurationPlatforms) = preSolution
		Debug|Any CPU = Debug|Any CPU
		Release|Any CPU = Release|Any CPU
	EndGlobalSection
	GlobalSection(ProjectConfigurationPlatforms) = postSolution
		{91272F5B-614F-41C3-BA0D-F16BBE64AA27}.Debug|Any CPU.ActiveCfg = Debug|Any CPU
		{91272F5B-614F-41C3-BA0D-F16BBE64AA27}.Debug|Any CPU.Build.0 = Debug|Any CPU
		{91272F5B-614F-41C3-BA0D-F16BBE64AA27}.Release|Any CPU.ActiveCfg = Release|Any CPU
		{91272F5B-614F-41C3-BA0D-F16BBE64AA27}.Release|Any CPU.Build.0 = Release|Any CPU
	EndGlobalSection
	GlobalSection(SolutionProperties) = preSolution
		HideSolutionNode = FALSE
	EndGlobalSection
	GlobalSection(ExtensibilityGlobals) = postSolution
		SolutionGuid = {276EC8B7-1DE2-46CA-B270-99CBFA7AB82E}
	EndGlobalSection
EndGlobal
