
Microsoft Visual Studio Solution File, Format Version 12.00
# Visual Studio Version 17
VisualStudioVersion = 17.4.33205.214
MinimumVisualStudioVersion = 10.0.40219.1
Project("{FAE04EC0-301F-11D3-BF4B-00C04F79EFBC}") = "MVCD2", "MVCD2\MVCD2.csproj", "{A3929582-AA8A-453A-B9A4-215F76FB690F}"
EndProject
Global
	GlobalSection(SolutionConfigurationPlatforms) = preSolution
		Debug|Any CPU = Debug|Any CPU
		Release|Any CPU = Release|Any CPU
	EndGlobalSection
	GlobalSection(ProjectConfigurationPlatforms) = postSolution
		{A3929582-AA8A-453A-B9A4-215F76FB690F}.Debug|Any CPU.ActiveCfg = Debug|Any CPU
		{A3929582-AA8A-453A-B9A4-215F76FB690F}.Debug|Any CPU.Build.0 = Debug|Any CPU
		{A3929582-AA8A-453A-B9A4-215F76FB690F}.Release|Any CPU.ActiveCfg = Release|Any CPU
		{A3929582-AA8A-453A-B9A4-215F76FB690F}.Release|Any CPU.Build.0 = Release|Any CPU
	EndGlobalSection
	GlobalSection(SolutionProperties) = preSolution
		HideSolutionNode = FALSE
	EndGlobalSection
	GlobalSection(ExtensibilityGlobals) = postSolution
		SolutionGuid = {CFDC975B-0D9C-42A8-B0C5-924F0B531AF0}
	EndGlobalSection
EndGlobal
