
Microsoft Visual Studio Solution File, Format Version 12.00
# Visual Studio Version 17
VisualStudioVersion = 17.4.33205.214
MinimumVisualStudioVersion = 10.0.40219.1
Project("{FAE04EC0-301F-11D3-BF4B-00C04F79EFBC}") = "MVC introduction", "MVC introduction\MVC introduction.csproj", "{38E96A5A-06BD-49C7-AFBE-577E9A6AFA24}"
EndProject
Global
	GlobalSection(SolutionConfigurationPlatforms) = preSolution
		Debug|Any CPU = Debug|Any CPU
		Release|Any CPU = Release|Any CPU
	EndGlobalSection
	GlobalSection(ProjectConfigurationPlatforms) = postSolution
		{38E96A5A-06BD-49C7-AFBE-577E9A6AFA24}.Debug|Any CPU.ActiveCfg = Debug|Any CPU
		{38E96A5A-06BD-49C7-AFBE-577E9A6AFA24}.Debug|Any CPU.Build.0 = Debug|Any CPU
		{38E96A5A-06BD-49C7-AFBE-577E9A6AFA24}.Release|Any CPU.ActiveCfg = Release|Any CPU
		{38E96A5A-06BD-49C7-AFBE-577E9A6AFA24}.Release|Any CPU.Build.0 = Release|Any CPU
	EndGlobalSection
	GlobalSection(SolutionProperties) = preSolution
		HideSolutionNode = FALSE
	EndGlobalSection
	GlobalSection(ExtensibilityGlobals) = postSolution
		SolutionGuid = {88A694CF-33A5-4A1D-8E63-BC4192C91989}
	EndGlobalSection
EndGlobal
